
Microsoft Visual Studio Solution File, Format Version 12.00
# Visual Studio Version 17
VisualStudioVersion = 17.0.31912.275
MinimumVisualStudioVersion = 10.0.40219.1
Project("{FAE04EC0-301F-11D3-BF4B-00C04F79EFBC}") = "check_your_encoding", "check_your_encoding.csproj", "{DAFA025C-DAB3-4EDD-9B88-476DFC1A5A00}"
EndProject
Global
	GlobalSection(SolutionConfigurationPlatforms) = preSolution
		Debug|Any CPU = Debug|Any CPU
		Release|Any CPU = Release|Any CPU
	EndGlobalSection
	GlobalSection(ProjectConfigurationPlatforms) = postSolution
		{DAFA025C-DAB3-4EDD-9B88-476DFC1A5A00}.Debug|Any CPU.ActiveCfg = Debug|Any CPU
		{DAFA025C-DAB3-4EDD-9B88-476DFC1A5A00}.Debug|Any CPU.Build.0 = Debug|Any CPU
		{DAFA025C-DAB3-4EDD-9B88-476DFC1A5A00}.Release|Any CPU.ActiveCfg = Release|Any CPU
		{DAFA025C-DAB3-4EDD-9B88-476DFC1A5A00}.Release|Any CPU.Build.0 = Release|Any CPU
	EndGlobalSection
	GlobalSection(SolutionProperties) = preSolution
		HideSolutionNode = FALSE
	EndGlobalSection
	GlobalSection(ExtensibilityGlobals) = postSolution
		SolutionGuid = {D23CBD0E-9FA9-47B6-A14A-CC92E552C243}
	EndGlobalSection
EndGlobal
